// !$*UTF8*$!
{
	archiveVersion = 1;
	classes = {
	};
	objectVersion = 46;
	objects = {

/* Begin PBXBuildFile section */
		B923A89E1EA298EE00310CA0 /* AppDelegate.swift in Sources */ = {isa = PBXBuildFile; fileRef = B923A89D1EA298EE00310CA0 /* AppDelegate.swift */; };
		B923A8A01EA298EE00310CA0 /* ViewController.swift in Sources */ = {isa = PBXBuildFile; fileRef = B923A89F1EA298EE00310CA0 /* ViewController.swift */; };
		B923A8A31EA298EE00310CA0 /* Main.storyboard in Resources */ = {isa = PBXBuildFile; fileRef = B923A8A11EA298EE00310CA0 /* Main.storyboard */; };
		B923A8A61EA298EE00310CA0 /* ComprasUSA.xcdatamodeld in Sources */ = {isa = PBXBuildFile; fileRef = B923A8A41EA298EE00310CA0 /* ComprasUSA.xcdatamodeld */; };
		B923A8A81EA298EE00310CA0 /* Assets.xcassets in Resources */ = {isa = PBXBuildFile; fileRef = B923A8A71EA298EE00310CA0 /* Assets.xcassets */; };
		B923A8AB1EA298EE00310CA0 /* LaunchScreen.storyboard in Resources */ = {isa = PBXBuildFile; fileRef = B923A8A91EA298EE00310CA0 /* LaunchScreen.storyboard */; };
		B923A8B51EA29A4B00310CA0 /* ShoppingsViewController.swift in Sources */ = {isa = PBXBuildFile; fileRef = B923A8B41EA29A4B00310CA0 /* ShoppingsViewController.swift */; };
		B923A8B71EA29A6800310CA0 /* ProductViewController.swift in Sources */ = {isa = PBXBuildFile; fileRef = B923A8B61EA29A6800310CA0 /* ProductViewController.swift */; };
		B923A8B91EA29A7A00310CA0 /* SettingsViewController.swift in Sources */ = {isa = PBXBuildFile; fileRef = B923A8B81EA29A7A00310CA0 /* SettingsViewController.swift */; };
		B923A8BB1EA29A8C00310CA0 /* TotalViewController.swift in Sources */ = {isa = PBXBuildFile; fileRef = B923A8BA1EA29A8C00310CA0 /* TotalViewController.swift */; };
		B923A8BE1EA29DCD00310CA0 /* UIViewController+CoreData.swift in Sources */ = {isa = PBXBuildFile; fileRef = B923A8BD1EA29DCD00310CA0 /* UIViewController+CoreData.swift */; };
		B923A8C21EA2C7B400310CA0 /* Settings.bundle in Resources */ = {isa = PBXBuildFile; fileRef = B923A8C11EA2C7B400310CA0 /* Settings.bundle */; };
/* End PBXBuildFile section */

/* Begin PBXFileReference section */
		B923A89A1EA298EE00310CA0 /* ComprasUSA.app */ = {isa = PBXFileReference; explicitFileType = wrapper.application; includeInIndex = 0; path = ComprasUSA.app; sourceTree = BUILT_PRODUCTS_DIR; };
		B923A89D1EA298EE00310CA0 /* AppDelegate.swift */ = {isa = PBXFileReference; lastKnownFileType = sourcecode.swift; path = AppDelegate.swift; sourceTree = "<group>"; };
		B923A89F1EA298EE00310CA0 /* ViewController.swift */ = {isa = PBXFileReference; lastKnownFileType = sourcecode.swift; path = ViewController.swift; sourceTree = "<group>"; };
		B923A8A21EA298EE00310CA0 /* Base */ = {isa = PBXFileReference; lastKnownFileType = file.storyboard; name = Base; path = Base.lproj/Main.storyboard; sourceTree = "<group>"; };
		B923A8A51EA298EE00310CA0 /* ComprasUSA.xcdatamodel */ = {isa = PBXFileReference; lastKnownFileType = wrapper.xcdatamodel; path = ComprasUSA.xcdatamodel; sourceTree = "<group>"; };
		B923A8A71EA298EE00310CA0 /* Assets.xcassets */ = {isa = PBXFileReference; lastKnownFileType = folder.assetcatalog; path = Assets.xcassets; sourceTree = "<group>"; };
		B923A8AA1EA298EE00310CA0 /* Base */ = {isa = PBXFileReference; lastKnownFileType = file.storyboard; name = Base; path = Base.lproj/LaunchScreen.storyboard; sourceTree = "<group>"; };
		B923A8AC1EA298EE00310CA0 /* Info.plist */ = {isa = PBXFileReference; lastKnownFileType = text.plist.xml; path = Info.plist; sourceTree = "<group>"; };
		B923A8B41EA29A4B00310CA0 /* ShoppingsViewController.swift */ = {isa = PBXFileReference; fileEncoding = 4; lastKnownFileType = sourcecode.swift; path = ShoppingsViewController.swift; sourceTree = "<group>"; };
		B923A8B61EA29A6800310CA0 /* ProductViewController.swift */ = {isa = PBXFileReference; fileEncoding = 4; lastKnownFileType = sourcecode.swift; path = ProductViewController.swift; sourceTree = "<group>"; };
		B923A8B81EA29A7A00310CA0 /* SettingsViewController.swift */ = {isa = PBXFileReference; fileEncoding = 4; lastKnownFileType = sourcecode.swift; path = SettingsViewController.swift; sourceTree = "<group>"; };
		B923A8BA1EA29A8C00310CA0 /* TotalViewController.swift */ = {isa = PBXFileReference; fileEncoding = 4; lastKnownFileType = sourcecode.swift; path = TotalViewController.swift; sourceTree = "<group>"; };
		B923A8BD1EA29DCD00310CA0 /* UIViewController+CoreData.swift */ = {isa = PBXFileReference; fileEncoding = 4; lastKnownFileType = sourcecode.swift; path = "UIViewController+CoreData.swift"; sourceTree = "<group>"; };
		B923A8C11EA2C7B400310CA0 /* Settings.bundle */ = {isa = PBXFileReference; lastKnownFileType = "wrapper.plug-in"; path = Settings.bundle; sourceTree = "<group>"; };
/* End PBXFileReference section */

/* Begin PBXFrameworksBuildPhase section */
		B923A8971EA298EE00310CA0 /* Frameworks */ = {
			isa = PBXFrameworksBuildPhase;
			buildActionMask = 2147483647;
			files = (
			);
			runOnlyForDeploymentPostprocessing = 0;
		};
/* End PBXFrameworksBuildPhase section */

/* Begin PBXGroup section */
		B923A8911EA298EE00310CA0 = {
			isa = PBXGroup;
			children = (
				B923A89C1EA298EE00310CA0 /* ComprasUSA */,
				B923A89B1EA298EE00310CA0 /* Products */,
			);
			sourceTree = "<group>";
		};
		B923A89B1EA298EE00310CA0 /* Products */ = {
			isa = PBXGroup;
			children = (
				B923A89A1EA298EE00310CA0 /* ComprasUSA.app */,
			);
			name = Products;
			sourceTree = "<group>";
		};
		B923A89C1EA298EE00310CA0 /* ComprasUSA */ = {
			isa = PBXGroup;
			children = (
				B923A8BC1EA29DBF00310CA0 /* Extends */,
				B923A8B31EA2997900310CA0 /* Model */,
				B923A8B21EA2996D00310CA0 /* Controller */,
				B923A89D1EA298EE00310CA0 /* AppDelegate.swift */,
				B923A89F1EA298EE00310CA0 /* ViewController.swift */,
				B923A8A11EA298EE00310CA0 /* Main.storyboard */,
				B923A8A71EA298EE00310CA0 /* Assets.xcassets */,
				B923A8A91EA298EE00310CA0 /* LaunchScreen.storyboard */,
				B923A8AC1EA298EE00310CA0 /* Info.plist */,
				B923A8C11EA2C7B400310CA0 /* Settings.bundle */,
				B923A8A41EA298EE00310CA0 /* ComprasUSA.xcdatamodeld */,
			);
			path = ComprasUSA;
			sourceTree = "<group>";
		};
		B923A8B21EA2996D00310CA0 /* Controller */ = {
			isa = PBXGroup;
			children = (
				B923A8B41EA29A4B00310CA0 /* ShoppingsViewController.swift */,
				B923A8B61EA29A6800310CA0 /* ProductViewController.swift */,
				B923A8B81EA29A7A00310CA0 /* SettingsViewController.swift */,
				B923A8BA1EA29A8C00310CA0 /* TotalViewController.swift */,
			);
			name = Controller;
			sourceTree = "<group>";
		};
		B923A8B31EA2997900310CA0 /* Model */ = {
			isa = PBXGroup;
			children = (
			);
			name = Model;
			sourceTree = "<group>";
		};
		B923A8BC1EA29DBF00310CA0 /* Extends */ = {
			isa = PBXGroup;
			children = (
				B923A8BD1EA29DCD00310CA0 /* UIViewController+CoreData.swift */,
			);
			name = Extends;
			sourceTree = "<group>";
		};
/* End PBXGroup section */

/* Begin PBXNativeTarget section */
		B923A8991EA298EE00310CA0 /* ComprasUSA */ = {
			isa = PBXNativeTarget;
			buildConfigurationList = B923A8AF1EA298EE00310CA0 /* Build configuration list for PBXNativeTarget "ComprasUSA" */;
			buildPhases = (
				B923A8961EA298EE00310CA0 /* Sources */,
				B923A8971EA298EE00310CA0 /* Frameworks */,
				B923A8981EA298EE00310CA0 /* Resources */,
			);
			buildRules = (
			);
			dependencies = (
			);
			name = ComprasUSA;
			productName = ComprasUSA;
			productReference = B923A89A1EA298EE00310CA0 /* ComprasUSA.app */;
			productType = "com.apple.product-type.application";
		};
/* End PBXNativeTarget section */

/* Begin PBXProject section */
		B923A8921EA298EE00310CA0 /* Project object */ = {
			isa = PBXProject;
			attributes = {
				LastSwiftUpdateCheck = 0820;
				LastUpgradeCheck = 0820;
				ORGANIZATIONNAME = Fiap;
				TargetAttributes = {
					B923A8991EA298EE00310CA0 = {
						CreatedOnToolsVersion = 8.2.1;
						DevelopmentTeam = 54ERN67S6R;
						ProvisioningStyle = Automatic;
					};
				};
			};
			buildConfigurationList = B923A8951EA298EE00310CA0 /* Build configuration list for PBXProject "RaphaelGuilherme" */;
			compatibilityVersion = "Xcode 3.2";
			developmentRegion = English;
			hasScannedForEncodings = 0;
			knownRegions = (
				en,
				Base,
			);
			mainGroup = B923A8911EA298EE00310CA0;
			productRefGroup = B923A89B1EA298EE00310CA0 /* Products */;
			projectDirPath = "";
			projectRoot = "";
			targets = (
				B923A8991EA298EE00310CA0 /* ComprasUSA */,
			);
		};
/* End PBXProject section */

/* Begin PBXResourcesBuildPhase section */
		B923A8981EA298EE00310CA0 /* Resources */ = {
			isa = PBXResourcesBuildPhase;
			buildActionMask = 2147483647;
			files = (
				B923A8C21EA2C7B400310CA0 /* Settings.bundle in Resources */,
				B923A8AB1EA298EE00310CA0 /* LaunchScreen.storyboard in Resources */,
				B923A8A81EA298EE00310CA0 /* Assets.xcassets in Resources */,
				B923A8A31EA298EE00310CA0 /* Main.storyboard in Resources */,
			);
			runOnlyForDeploymentPostprocessing = 0;
		};
/* End PBXResourcesBuildPhase section */

/* Begin PBXSourcesBuildPhase section */
		B923A8961EA298EE00310CA0 /* Sources */ = {
			isa = PBXSourcesBuildPhase;
			buildActionMask = 2147483647;
			files = (
				B923A8BB1EA29A8C00310CA0 /* TotalViewController.swift in Sources */,
				B923A8A01EA298EE00310CA0 /* ViewController.swift in Sources */,
				B923A8A61EA298EE00310CA0 /* ComprasUSA.xcdatamodeld in Sources */,
				B923A8B51EA29A4B00310CA0 /* ShoppingsViewController.swift in Sources */,
				B923A8B71EA29A6800310CA0 /* ProductViewController.swift in Sources */,
				B923A8BE1EA29DCD00310CA0 /* UIViewController+CoreData.swift in Sources */,
				B923A89E1EA298EE00310CA0 /* AppDelegate.swift in Sources */,
				B923A8B91EA29A7A00310CA0 /* SettingsViewController.swift in Sources */,
			);
			runOnlyForDeploymentPostprocessing = 0;
		};
/* End PBXSourcesBuildPhase section */

/* Begin PBXVariantGroup section */
		B923A8A11EA298EE00310CA0 /* Main.storyboard */ = {
			isa = PBXVariantGroup;
			children = (
				B923A8A21EA298EE00310CA0 /* Base */,
			);
			name = Main.storyboard;
			sourceTree = "<group>";
		};
		B923A8A91EA298EE00310CA0 /* LaunchScreen.storyboard */ = {
			isa = PBXVariantGroup;
			children = (
				B923A8AA1EA298EE00310CA0 /* Base */,
			);
			name = LaunchScreen.storyboard;
			sourceTree = "<group>";
		};
/* End PBXVariantGroup section */

/* Begin XCBuildConfiguration section */
		B923A8AD1EA298EE00310CA0 /* Debug */ = {
			isa = XCBuildConfiguration;
			buildSettings = {
				ALWAYS_SEARCH_USER_PATHS = NO;
				CLANG_ANALYZER_NONNULL = YES;
				CLANG_CXX_LANGUAGE_STANDARD = "gnu++0x";
				CLANG_CXX_LIBRARY = "libc++";
				CLANG_ENABLE_MODULES = YES;
				CLANG_ENABLE_OBJC_ARC = YES;
				CLANG_WARN_BOOL_CONVERSION = YES;
				CLANG_WARN_CONSTANT_CONVERSION = YES;
				CLANG_WARN_DIRECT_OBJC_ISA_USAGE = YES_ERROR;
				CLANG_WARN_DOCUMENTATION_COMMENTS = YES;
				CLANG_WARN_EMPTY_BODY = YES;
				CLANG_WARN_ENUM_CONVERSION = YES;
				CLANG_WARN_INFINITE_RECURSION = YES;
				CLANG_WARN_INT_CONVERSION = YES;
				CLANG_WARN_OBJC_ROOT_CLASS = YES_ERROR;
				CLANG_WARN_SUSPICIOUS_MOVE = YES;
				CLANG_WARN_UNREACHABLE_CODE = YES;
				CLANG_WARN__DUPLICATE_METHOD_MATCH = YES;
				"CODE_SIGN_IDENTITY[sdk=iphoneos*]" = "iPhone Developer";
				COPY_PHASE_STRIP = NO;
				DEBUG_INFORMATION_FORMAT = dwarf;
				ENABLE_STRICT_OBJC_MSGSEND = YES;
				ENABLE_TESTABILITY = YES;
				GCC_C_LANGUAGE_STANDARD = gnu99;
				GCC_DYNAMIC_NO_PIC = NO;
				GCC_NO_COMMON_BLOCKS = YES;
				GCC_OPTIMIZATION_LEVEL = 0;
				GCC_PREPROCESSOR_DEFINITIONS = (
					"DEBUG=1",
					"$(inherited)",
				);
				GCC_WARN_64_TO_32_BIT_CONVERSION = YES;
				GCC_WARN_ABOUT_RETURN_TYPE = YES_ERROR;
				GCC_WARN_UNDECLARED_SELECTOR = YES;
				GCC_WARN_UNINITIALIZED_AUTOS = YES_AGGRESSIVE;
				GCC_WARN_UNUSED_FUNCTION = YES;
				GCC_WARN_UNUSED_VARIABLE = YES;
				IPHONEOS_DEPLOYMENT_TARGET = 10.2;
				MTL_ENABLE_DEBUG_INFO = YES;
				ONLY_ACTIVE_ARCH = YES;
				SDKROOT = iphoneos;
				SWIFT_ACTIVE_COMPILATION_CONDITIONS = DEBUG;
				SWIFT_OPTIMIZATION_LEVEL = "-Onone";
			};
			name = Debug;
		};
		B923A8AE1EA298EE00310CA0 /* Release */ = {
			isa = XCBuildConfiguration;
			buildSettings = {
				ALWAYS_SEARCH_USER_PATHS = NO;
				CLANG_ANALYZER_NONNULL = YES;
				CLANG_CXX_LANGUAGE_STANDARD = "gnu++0x";
				CLANG_CXX_LIBRARY = "libc++";
				CLANG_ENABLE_MODULES = YES;
				CLANG_ENABLE_OBJC_ARC = YES;
				CLANG_WARN_BOOL_CONVERSION = YES;
				CLANG_WARN_CONSTANT_CONVERSION = YES;
				CLANG_WARN_DIRECT_OBJC_ISA_USAGE = YES_ERROR;
				CLANG_WARN_DOCUMENTATION_COMMENTS = YES;
				CLANG_WARN_EMPTY_BODY = YES;
				CLANG_WARN_ENUM_CONVERSION = YES;
				CLANG_WARN_INFINITE_RECURSION = YES;
				CLANG_WARN_INT_CONVERSION = YES;
				CLANG_WARN_OBJC_ROOT_CLASS = YES_ERROR;
				CLANG_WARN_SUSPICIOUS_MOVE = YES;
				CLANG_WARN_UNREACHABLE_CODE = YES;
				CLANG_WARN__DUPLICATE_METHOD_MATCH = YES;
				"CODE_SIGN_IDENTITY[sdk=iphoneos*]" = "iPhone Developer";
				COPY_PHASE_STRIP = NO;
				DEBUG_INFORMATION_FORMAT = "dwarf-with-dsym";
				ENABLE_NS_ASSERTIONS = NO;
				ENABLE_STRICT_OBJC_MSGSEND = YES;
				GCC_C_LANGUAGE_STANDARD = gnu99;
				GCC_NO_COMMON_BLOCKS = YES;
				GCC_WARN_64_TO_32_BIT_CONVERSION = YES;
				GCC_WARN_ABOUT_RETURN_TYPE = YES_ERROR;
				GCC_WARN_UNDECLARED_SELECTOR = YES;
				GCC_WARN_UNINITIALIZED_AUTOS = YES_AGGRESSIVE;
				GCC_WARN_UNUSED_FUNCTION = YES;
				GCC_WARN_UNUSED_VARIABLE = YES;
				IPHONEOS_DEPLOYMENT_TARGET = 10.2;
				MTL_ENABLE_DEBUG_INFO = NO;
				SDKROOT = iphoneos;
				SWIFT_OPTIMIZATION_LEVEL = "-Owholemodule";
				VALIDATE_PRODUCT = YES;
			};
			name = Release;
		};
		B923A8B01EA298EE00310CA0 /* Debug */ = {
			isa = XCBuildConfiguration;
			buildSettings = {
				ASSETCATALOG_COMPILER_APPICON_NAME = AppIcon;
				DEVELOPMENT_TEAM = 54ERN67S6R;
				INFOPLIST_FILE = ComprasUSA/Info.plist;
				LD_RUNPATH_SEARCH_PATHS = "$(inherited) @executable_path/Frameworks";
				PRODUCT_BUNDLE_IDENTIFIER = br.com.fiap.ComprasUSA;
				PRODUCT_NAME = "$(TARGET_NAME)";
				SWIFT_VERSION = 3.0;
			};
			name = Debug;
		};
		B923A8B11EA298EE00310CA0 /* Release */ = {
			isa = XCBuildConfiguration;
			buildSettings = {
				ASSETCATALOG_COMPILER_APPICON_NAME = AppIcon;
				DEVELOPMENT_TEAM = 54ERN67S6R;
				INFOPLIST_FILE = ComprasUSA/Info.plist;
				LD_RUNPATH_SEARCH_PATHS = "$(inherited) @executable_path/Frameworks";
				PRODUCT_BUNDLE_IDENTIFIER = br.com.fiap.ComprasUSA;
				PRODUCT_NAME = "$(TARGET_NAME)";
				SWIFT_VERSION = 3.0;
			};
			name = Release;
		};
/* End XCBuildConfiguration section */

/* Begin XCConfigurationList section */
		B923A8951EA298EE00310CA0 /* Build configuration list for PBXProject "RaphaelGuilherme" */ = {
			isa = XCConfigurationList;
			buildConfigurations = (
				B923A8AD1EA298EE00310CA0 /* Debug */,
				B923A8AE1EA298EE00310CA0 /* Release */,
			);
			defaultConfigurationIsVisible = 0;
			defaultConfigurationName = Release;
		};
		B923A8AF1EA298EE00310CA0 /* Build configuration list for PBXNativeTarget "ComprasUSA" */ = {
			isa = XCConfigurationList;
			buildConfigurations = (
				B923A8B01EA298EE00310CA0 /* Debug */,
				B923A8B11EA298EE00310CA0 /* Release */,
			);
			defaultConfigurationIsVisible = 0;
			defaultConfigurationName = Release;
		};
/* End XCConfigurationList section */

/* Begin XCVersionGroup section */
		B923A8A41EA298EE00310CA0 /* ComprasUSA.xcdatamodeld */ = {
			isa = XCVersionGroup;
			children = (
				B923A8A51EA298EE00310CA0 /* ComprasUSA.xcdatamodel */,
			);
			currentVersion = B923A8A51EA298EE00310CA0 /* ComprasUSA.xcdatamodel */;
			path = ComprasUSA.xcdatamodeld;
			sourceTree = "<group>";
			versionGroupType = wrapper.xcdatamodel;
		};
/* End XCVersionGroup section */
	};
	rootObject = B923A8921EA298EE00310CA0 /* Project object */;
}
